{
  "version": 4,
  "terraform_version": "1.5.0",
  "serial": 345,
  "lineage": "984524e9-f423-b1e6-831f-9d71363bbf93",
  "outputs": {
    "cluster_location": {
      "value": "us-central1-a",
      "type": "string"
    },
    "cluster_name": {
      "value": "online-boutique",
      "type": "string"
    }
  },
  "resources": [
    {
      "mode": "managed",
      "type": "google_compute_address",
      "name": "external_ip",
      "provider": "provider[\"registry.terraform.io/hashicorp/google\"]",
      "instances": [
        {
          "schema_version": 0,
          "attributes": {
            "address": "35.192.32.9",
            "address_type": "EXTERNAL",
            "creation_timestamp": "2023-12-03T07:05:19.698-08:00",
            "description": "",
            "id": "projects/spatial-shore-354923/regions/us-central1/addresses/dynamic-external-ip",
            "ip_version": "",
            "ipv6_endpoint_type": "",
            "name": "dynamic-external-ip",
            "network": "",
            "network_tier": "PREMIUM",
            "prefix_length": 0,
            "project": "spatial-shore-354923",
            "purpose": "",
            "region": "us-central1",
            "self_link": "https://www.googleapis.com/compute/v1/projects/spatial-shore-354923/regions/us-central1/addresses/dynamic-external-ip",
            "subnetwork": "",
            "timeouts": null,
            "users": []
          },
          "sensitive_attributes": [],
          "private": "eyJlMmJmYjczMC1lY2FhLTExZTYtOGY4OC0zNDM2M2JjN2M0YzAiOnsiY3JlYXRlIjoxMjAwMDAwMDAwMDAwLCJkZWxldGUiOjEyMDAwMDAwMDAwMDB9fQ=="
        }
      ]
    },
    {
      "mode": "managed",
      "type": "google_compute_instance",
      "name": "vm_instance",
      "provider": "provider[\"registry.terraform.io/hashicorp/google\"]",
      "instances": [
        {
          "schema_version": 6,
          "attributes": {
            "advanced_machine_features": [],
            "allow_stopping_for_update": null,
            "attached_disk": [],
            "boot_disk": [
              {
                "auto_delete": true,
                "device_name": "persistent-disk-0",
                "disk_encryption_key_raw": "",
                "disk_encryption_key_sha256": "",
                "initialize_params": [
                  {
                    "image": "https://www.googleapis.com/compute/v1/projects/debian-cloud/global/images/debian-10-buster-v20231115",
                    "labels": {},
                    "resource_manager_tags": null,
                    "size": 10,
                    "type": "pd-standard"
                  }
                ],
                "kms_key_self_link": "",
                "mode": "READ_WRITE",
                "source": "https://www.googleapis.com/compute/v1/projects/spatial-shore-354923/zones/us-central1-a/disks/test-machine"
              }
            ],
            "can_ip_forward": false,
            "confidential_instance_config": [],
            "cpu_platform": "Intel Broadwell",
            "current_status": "RUNNING",
            "deletion_protection": false,
            "description": "",
            "desired_status": null,
            "effective_labels": {},
            "enable_display": false,
            "guest_accelerator": [],
            "hostname": "",
            "id": "projects/spatial-shore-354923/zones/us-central1-a/instances/test-machine",
            "instance_id": "4458909791430977447",
            "label_fingerprint": "42WmSpB8rSM=",
            "labels": null,
            "machine_type": "e2-standard-2",
            "metadata": {
              "ssh-keys": "devops-admin:ssh-rsa AAAAB3NzaC1yc2EAAAADAQABAAABAQDWPDT/Une2q/vj1nvwt3DBx6Y38giGLHmcrmcKhDevHrwwZWvEoqWTncrRHJdxXOEubbCPk/cnDojWR9lS1jg9qy33k7mPOMopqzVKFROyYONGnz8UcgMLsksakI/3a0XDTACiQl7WGyo3v2vaxNFYR0W37yhRRpX5C47l8Mv5qG5YTWSm8muwZDEzOYi/+sj+HW+raS7M3qwzQzqwLzN3JLmNKHQYETy752Mu1EtRPDBBHD+0Qp56SPGgMbaygf2A3Tv9A6PtDxtnmd4mP5LkxvBktXhF+zUsSf8phcoWAz/X7KREodYDUGc+mStrmf7PKVc/c70Vs0bYyTnOnJ8D amine.titrofine@gmail.com\n"
            },
            "metadata_fingerprint": "RuL9_vKoExg=",
            "metadata_startup_script": null,
            "min_cpu_platform": "",
            "name": "test-machine",
            "network_interface": [
              {
                "access_config": [
                  {
                    "nat_ip": "35.192.32.9",
                    "network_tier": "PREMIUM",
                    "public_ptr_domain_name": ""
                  }
                ],
                "alias_ip_range": [],
                "internal_ipv6_prefix_length": 0,
                "ipv6_access_config": [],
                "ipv6_access_type": "",
                "ipv6_address": "",
                "name": "nic0",
                "network": "https://www.googleapis.com/compute/v1/projects/spatial-shore-354923/global/networks/default",
                "network_ip": "10.128.0.10",
                "nic_type": "",
                "queue_count": 0,
                "stack_type": "IPV4_ONLY",
                "subnetwork": "https://www.googleapis.com/compute/v1/projects/spatial-shore-354923/regions/us-central1/subnetworks/default",
                "subnetwork_project": "spatial-shore-354923"
              }
            ],
            "network_performance_config": [],
            "params": [],
            "project": "spatial-shore-354923",
            "reservation_affinity": [],
            "resource_policies": null,
            "scheduling": [
              {
                "automatic_restart": true,
                "instance_termination_action": "",
                "local_ssd_recovery_timeout": [],
                "min_node_cpus": 0,
                "node_affinities": [],
                "on_host_maintenance": "MIGRATE",
                "preemptible": false,
                "provisioning_model": "STANDARD"
              }
            ],
            "scratch_disk": [],
            "self_link": "https://www.googleapis.com/compute/v1/projects/spatial-shore-354923/zones/us-central1-a/instances/test-machine",
            "service_account": [],
            "shielded_instance_config": [
              {
                "enable_integrity_monitoring": true,
                "enable_secure_boot": false,
                "enable_vtpm": true
              }
            ],
            "tags": null,
            "tags_fingerprint": "42WmSpB8rSM=",
            "terraform_labels": {},
            "timeouts": null,
            "zone": "us-central1-a"
          },
          "sensitive_attributes": [],
          "private": "eyJlMmJmYjczMC1lY2FhLTExZTYtOGY4OC0zNDM2M2JjN2M0YzAiOnsiY3JlYXRlIjoxMjAwMDAwMDAwMDAwLCJkZWxldGUiOjEyMDAwMDAwMDAwMDAsInVwZGF0ZSI6MTIwMDAwMDAwMDAwMH0sInNjaGVtYV92ZXJzaW9uIjoiNiJ9",
          "dependencies": [
            "google_compute_address.external_ip"
          ]
        }
      ]
    },
    {
      "mode": "managed",
      "type": "google_container_cluster",
      "name": "my_cluster",
      "provider": "provider[\"registry.terraform.io/hashicorp/google\"]",
      "instances": [
        {
          "schema_version": 2,
          "attributes": {
            "addons_config": [
              {
                "cloudrun_config": [],
                "config_connector_config": [],
                "dns_cache_config": [],
                "gce_persistent_disk_csi_driver_config": [
                  {
                    "enabled": true
                  }
                ],
                "gcp_filestore_csi_driver_config": [],
                "gcs_fuse_csi_driver_config": [],
                "gke_backup_agent_config": [],
                "horizontal_pod_autoscaling": [],
                "http_load_balancing": [],
                "network_policy_config": [
                  {
                    "disabled": true
                  }
                ]
              }
            ],
            "allow_net_admin": null,
            "authenticator_groups_config": [],
            "binary_authorization": [
              {
                "enabled": false,
                "evaluation_mode": ""
              }
            ],
            "cluster_autoscaling": [
              {
                "auto_provisioning_defaults": [],
                "enabled": false,
                "resource_limits": []
              }
            ],
            "cluster_ipv4_cidr": "10.116.0.0/14",
            "confidential_nodes": [],
            "cost_management_config": [],
            "database_encryption": [
              {
                "key_name": "",
                "state": "DECRYPTED"
              }
            ],
            "datapath_provider": "",
            "default_max_pods_per_node": 110,
            "default_snat_status": [
              {
                "disabled": false
              }
            ],
            "deletion_protection": false,
            "description": "",
            "dns_config": [],
            "enable_autopilot": false,
            "enable_intranode_visibility": false,
            "enable_k8s_beta_apis": [],
            "enable_kubernetes_alpha": false,
            "enable_l4_ilb_subsetting": false,
            "enable_legacy_abac": false,
            "enable_shielded_nodes": true,
            "enable_tpu": false,
            "endpoint": "34.31.32.42",
            "gateway_api_config": [],
            "id": "projects/spatial-shore-354923/locations/us-central1-a/clusters/online-boutique",
            "initial_node_count": 1,
            "ip_allocation_policy": [
              {
                "additional_pod_ranges_config": [],
                "cluster_ipv4_cidr_block": "10.116.0.0/14",
                "cluster_secondary_range_name": "gke-online-boutique-pods-85173e9f",
                "pod_cidr_overprovision_config": [
                  {
                    "disabled": false
                  }
                ],
                "services_ipv4_cidr_block": "10.120.0.0/20",
                "services_secondary_range_name": "gke-online-boutique-services-85173e9f",
                "stack_type": "IPV4"
              }
            ],
            "label_fingerprint": "a9dc16a7",
            "location": "us-central1-a",
            "logging_config": [
              {
                "enable_components": [
                  "SYSTEM_COMPONENTS",
                  "WORKLOADS"
                ]
              }
            ],
            "logging_service": "logging.googleapis.com/kubernetes",
            "maintenance_policy": [],
            "master_auth": [
              {
                "client_certificate": "",
                "client_certificate_config": [
                  {
                    "issue_client_certificate": false
                  }
                ],
                "client_key": "",
                "cluster_ca_certificate": "LS0tLS1CRUdJTiBDRVJUSUZJQ0FURS0tLS0tCk1JSUVMRENDQXBTZ0F3SUJBZ0lRQS9QSEY1M3lxK0xXLzJMVkJlS29CREFOQmdrcWhraUc5dzBCQVFzRkFEQXYKTVMwd0t3WURWUVFERXlSa09UQXlNamN4WkMwM01URmhMVFEzWWpNdE9EWm1OQzB4WldWalpHTmlNalJrTmpJdwpJQmNOTWpNeE1qQXpNVFF3TlRFNVdoZ1BNakExTXpFeE1qVXhOVEExTVRsYU1DOHhMVEFyQmdOVkJBTVRKR1E1Ck1ESXlOekZrTFRjeE1XRXRORGRpTXkwNE5tWTBMVEZsWldOa1kySXlOR1EyTWpDQ0FhSXdEUVlKS29aSWh2Y04KQVFFQkJRQURnZ0dQQURDQ0FZb0NnZ0dCQU0xcmY2b3lpbVJpYWczU1BJQ2VzaGVIaVprcjB2WnJrY0ppdzlucwppSG9QbDBRbW1ROVB2Lzg5RXo1WlVKMDV0RWxDaXBnUVpncFg5ZDZVVHlEd2FVQk11RHJoUnVVWGR2NkdKQ3BOCnc2Vlp4eVhXQTNhd2duZ3RvMEZ2R2l3bjliK1U4TGRTSmV3MWFRTFZXdTlBb05CS3FoOWhSOUlVdm1zZ002RWsKcTZiaXpxVWtpdTRPcGdOU2RtN3VwVzR5WkZNMFJFTTVPUTBKamlwZ0Z0VjN2b0dNdUg2RG1lRkpPa0FrZm9FdgpOck9WMnkrRWkvVWRySmtTOVJZWjZuSFZVcDRTeC94NXVkZXQxeS8yMHo2OVZ3UDR3anVBakk1ajhzMnNIcnBQClhUUWI0Z2NaaEpCdGpCc0ZYWVF3MW5idVE0TkZkcU1zUjVMWW8yWkMwS0c0TDBjL1pQSndEcy9xWmIyZUpFcGkKUFd6dXRzd0l4c3ZXWU1sVUVhL29MbVN2czVTc2FTTCs5bjk2azJHUExwc0sydHgxVEdmcnRxRDZnQkZBY2hYUwppUnUrMUEwY0RIaTZ1SjBkaVBDcmQwRXpBSHhveUhLR2ovelZ4empCR0ZWQnE3ZVQ2QzFnSThzdUF2c3lZcVR1ClRDVjMzWEFBOXo0L3ZtRFpFOWdsNVZtNURRSURBUUFCbzBJd1FEQU9CZ05WSFE4QkFmOEVCQU1DQWdRd0R3WUQKVlIwVEFRSC9CQVV3QXdFQi96QWRCZ05WSFE0RUZnUVVYSmZuZ2V1MGRldnpTQjB1c2pNTDJBUFFNMU13RFFZSgpLb1pJaHZjTkFRRUxCUUFEZ2dHQkFDSWVhcXZQaUpPeW14OERMSUhYZzJhQllRQXYvRW5jU3BVWTNNaFBHb3g1Clh4VDFBV2RmWDYvT2h3UEt5aG9Rb0twM2gxR043M2Nnek8rVG5wRnQ5MHM1YU1EQUUvK0FURjFKRXNBd2FYZ3QKV0R4U0lURFJLTms4WmRsUGxOamUvZ2hoREZNM0JWRFFFMXlidDJJMk1wcnY3RldPWlc5ZWFyNGN3T1BKZ29WbAp5NFhqeVlHSmUweFpEbXAzSWpmQWs3eE52ZjlVM0FoeWQ4L2V6OE5Pd013eGtiOXBHaEhra1lkbXBhTkdmZi9ZCk5YWHBHcmNoaW9BZytNdFNiRFdIVVB3OUE4dDBRMysvd0RaZWFlTGFha25oVnFsdVh5WDlqcTRkbGVyVytQc3YKUnIvTFVEVmVwdHR6cFl5RnA2RnMxd2RWZ3NyaEljSEt2Mk95Z2lCNFRLTzFsVG9rTDlWVkIrUDQ0azE3SVNJcQplTzU0YXNMU0VydGRvUDFvSGI5VDRvdG5PVEpVa2RUWCs5OFQ4VFR2ZmJ4aHB6T3hnSVM2bHlhQ0Z2RjJsM3lwCm9rVzBJVC9pdUU0UW5CM1laOFZuNlBDN2xacGNJR0RzRUlsL2ZEL3JsYTNENjFuNzUrTjFoV1pKUW9FcldMTDAKNGNseWthL1ZmZXBEa0lEWUJINWNoUT09Ci0tLS0tRU5EIENFUlRJRklDQVRFLS0tLS0K"
              }
            ],
            "master_authorized_networks_config": [],
            "master_version": "1.27.3-gke.100",
            "mesh_certificates": [],
            "min_master_version": null,
            "monitoring_config": [
              {
                "advanced_datapath_observability_config": [
                  {
                    "enable_metrics": false,
                    "relay_mode": ""
                  }
                ],
                "enable_components": [
                  "SYSTEM_COMPONENTS"
                ],
                "managed_prometheus": [
                  {
                    "enabled": true
                  }
                ]
              }
            ],
            "monitoring_service": "monitoring.googleapis.com/kubernetes",
            "name": "online-boutique",
            "network": "projects/spatial-shore-354923/global/networks/default",
            "network_policy": [
              {
                "enabled": false,
                "provider": "PROVIDER_UNSPECIFIED"
              }
            ],
            "networking_mode": "VPC_NATIVE",
            "node_config": [],
            "node_locations": [],
            "node_pool": [],
            "node_pool_auto_config": [],
            "node_pool_defaults": [
              {
                "node_config_defaults": [
                  {
                    "logging_variant": "DEFAULT"
                  }
                ]
              }
            ],
            "node_version": "1.27.3-gke.100",
            "notification_config": [
              {
                "pubsub": [
                  {
                    "enabled": false,
                    "filter": [],
                    "topic": ""
                  }
                ]
              }
            ],
            "operation": null,
            "private_cluster_config": [
              {
                "enable_private_endpoint": false,
                "enable_private_nodes": false,
                "master_global_access_config": [
                  {
                    "enabled": false
                  }
                ],
                "master_ipv4_cidr_block": "",
                "peering_name": "",
                "private_endpoint": "10.128.0.8",
                "private_endpoint_subnetwork": "",
                "public_endpoint": "34.31.32.42"
              }
            ],
            "private_ipv6_google_access": "",
            "project": "spatial-shore-354923",
            "release_channel": [
              {
                "channel": "REGULAR"
              }
            ],
            "remove_default_node_pool": true,
            "resource_labels": null,
            "resource_usage_export_config": [],
            "security_posture_config": [
              {
                "mode": "BASIC",
                "vulnerability_mode": "VULNERABILITY_MODE_UNSPECIFIED"
              }
            ],
            "self_link": "https://container.googleapis.com/v1/projects/spatial-shore-354923/zones/us-central1-a/clusters/online-boutique",
            "service_external_ips_config": [
              {
                "enabled": false
              }
            ],
            "services_ipv4_cidr": "10.120.0.0/20",
            "subnetwork": "projects/spatial-shore-354923/regions/us-central1/subnetworks/default",
            "timeouts": null,
            "tpu_ipv4_cidr_block": "",
            "vertical_pod_autoscaling": [],
            "workload_identity_config": []
          },
          "sensitive_attributes": [],
          "private": "eyJlMmJmYjczMC1lY2FhLTExZTYtOGY4OC0zNDM2M2JjN2M0YzAiOnsiY3JlYXRlIjoyNDAwMDAwMDAwMDAwLCJkZWxldGUiOjI0MDAwMDAwMDAwMDAsInJlYWQiOjI0MDAwMDAwMDAwMDAsInVwZGF0ZSI6MzYwMDAwMDAwMDAwMH0sInNjaGVtYV92ZXJzaW9uIjoiMiJ9"
        }
      ]
    },
    {
      "mode": "managed",
      "type": "google_container_node_pool",
      "name": "primary_nodes",
      "provider": "provider[\"registry.terraform.io/hashicorp/google\"]",
      "instances": [
        {
          "schema_version": 1,
          "attributes": {
            "autoscaling": [
              {
                "location_policy": "ANY",
                "max_node_count": 4,
                "min_node_count": 1,
                "total_max_node_count": 0,
                "total_min_node_count": 0
              }
            ],
            "cluster": "online-boutique",
            "id": "projects/spatial-shore-354923/locations/us-central1-a/clusters/online-boutique/nodePools/online-boutique-node-pool",
            "initial_node_count": 1,
            "instance_group_urls": [
              "https://www.googleapis.com/compute/v1/projects/spatial-shore-354923/zones/us-central1-a/instanceGroupManagers/gke-online-boutique-online-boutique-n-f3326f33-grp"
            ],
            "location": "us-central1-a",
            "managed_instance_group_urls": [
              "https://www.googleapis.com/compute/v1/projects/spatial-shore-354923/zones/us-central1-a/instanceGroups/gke-online-boutique-online-boutique-n-f3326f33-grp"
            ],
            "management": [
              {
                "auto_repair": true,
                "auto_upgrade": true
              }
            ],
            "max_pods_per_node": 110,
            "name": "online-boutique-node-pool",
            "name_prefix": "",
            "network_config": [
              {
                "create_pod_range": false,
                "enable_private_nodes": false,
                "pod_cidr_overprovision_config": [],
                "pod_ipv4_cidr_block": "10.116.0.0/14",
                "pod_range": "gke-online-boutique-pods-85173e9f"
              }
            ],
            "node_config": [
              {
                "advanced_machine_features": [],
                "boot_disk_kms_key": "",
                "confidential_nodes": [],
                "disk_size_gb": 100,
                "disk_type": "pd-balanced",
                "effective_taints": [],
                "ephemeral_storage_local_ssd_config": [],
                "fast_socket": [],
                "gcfs_config": [],
                "guest_accelerator": [],
                "gvnic": [],
                "host_maintenance_policy": [],
                "image_type": "COS_CONTAINERD",
                "kubelet_config": [],
                "labels": {
                  "env": "spatial-shore-354923"
                },
                "linux_node_config": [],
                "local_nvme_ssd_block_config": [],
                "local_ssd_count": 0,
                "logging_variant": "DEFAULT",
                "machine_type": "e2-standard-2",
                "metadata": {
                  "disable-legacy-endpoints": "true"
                },
                "min_cpu_platform": "",
                "node_group": "",
                "oauth_scopes": [
                  "https://www.googleapis.com/auth/logging.write",
                  "https://www.googleapis.com/auth/monitoring"
                ],
                "preemptible": true,
                "reservation_affinity": [],
                "resource_labels": null,
                "service_account": "default",
                "shielded_instance_config": [
                  {
                    "enable_integrity_monitoring": true,
                    "enable_secure_boot": false
                  }
                ],
                "sole_tenant_config": [],
                "spot": false,
                "tags": [
                  "gke-node",
                  "spatial-shore-354923-gke"
                ],
                "taint": [],
                "workload_metadata_config": []
              }
            ],
            "node_count": 1,
            "node_locations": [
              "us-central1-a"
            ],
            "operation": null,
            "placement_policy": [],
            "project": "spatial-shore-354923",
            "timeouts": {
              "create": "20m",
              "delete": null,
              "update": "20m"
            },
            "upgrade_settings": [
              {
                "blue_green_settings": [],
                "max_surge": 1,
                "max_unavailable": 0,
                "strategy": "SURGE"
              }
            ],
            "version": "1.27.3-gke.100"
          },
          "sensitive_attributes": [],
          "private": "eyJlMmJmYjczMC1lY2FhLTExZTYtOGY4OC0zNDM2M2JjN2M0YzAiOnsiY3JlYXRlIjoxMjAwMDAwMDAwMDAwLCJkZWxldGUiOjE4MDAwMDAwMDAwMDAsInVwZGF0ZSI6MTIwMDAwMDAwMDAwMH0sInNjaGVtYV92ZXJzaW9uIjoiMSJ9",
          "dependencies": [
            "google_container_cluster.my_cluster"
          ]
        }
      ]
    },
    {
      "mode": "managed",
      "type": "null_resource",
      "name": "install_argocd",
      "provider": "provider[\"registry.terraform.io/hashicorp/null\"]",
      "instances": [
        {
          "schema_version": 0,
          "attributes": {
            "id": "7497442786120346409",
            "triggers": null
          },
          "sensitive_attributes": [],
          "dependencies": [
            "google_container_cluster.my_cluster",
            "module.gcloud.data.external.env_override",
            "module.gcloud.null_resource.additional_components",
            "module.gcloud.null_resource.additional_components_destroy",
            "module.gcloud.null_resource.decompress",
            "module.gcloud.null_resource.decompress_destroy",
            "module.gcloud.null_resource.download_gcloud",
            "module.gcloud.null_resource.download_jq",
            "module.gcloud.null_resource.gcloud_auth_google_credentials",
            "module.gcloud.null_resource.gcloud_auth_google_credentials_destroy",
            "module.gcloud.null_resource.gcloud_auth_service_account_key_file",
            "module.gcloud.null_resource.gcloud_auth_service_account_key_file_destroy",
            "module.gcloud.null_resource.module_depends_on",
            "module.gcloud.null_resource.prepare_cache",
            "module.gcloud.null_resource.run_command",
            "module.gcloud.null_resource.run_destroy_command",
            "module.gcloud.null_resource.upgrade",
            "module.gcloud.null_resource.upgrade_destroy",
            "module.gcloud.random_id.cache"
          ]
        }
      ]
    },
    {
      "module": "module.gcloud",
      "mode": "data",
      "type": "external",
      "name": "env_override",
      "provider": "provider[\"registry.terraform.io/hashicorp/external\"]",
      "instances": [
        {
          "index_key": 0,
          "schema_version": 0,
          "attributes": {
            "id": "-",
            "program": [
              ".terraform/modules/gcloud/scripts/check_env.sh"
            ],
            "query": {},
            "result": {
              "download": ""
            },
            "working_dir": null
          },
          "sensitive_attributes": []
        }
      ]
    },
    {
      "module": "module.gcloud",
      "mode": "managed",
      "type": "null_resource",
      "name": "additional_components",
      "provider": "provider[\"registry.terraform.io/hashicorp/null\"]",
      "instances": [
        {
          "index_key": 0,
          "schema_version": 0,
          "attributes": {
            "id": "265101790308733002",
            "triggers": {
              "additional_components_command": ".terraform/modules/gcloud/scripts/check_components.sh gcloud kubectl",
              "arguments": "4c37410c946ead0454361921be704328",
              "md5": "7f22bf39aaf5ce5980111c3587bef5b5"
            }
          },
          "sensitive_attributes": [],
          "dependencies": [
            "module.gcloud.data.external.env_override",
            "module.gcloud.null_resource.decompress",
            "module.gcloud.null_resource.upgrade",
            "module.gcloud.random_id.cache"
          ]
        }
      ]
    },
    {
      "module": "module.gcloud",
      "mode": "managed",
      "type": "null_resource",
      "name": "additional_components_destroy",
      "provider": "provider[\"registry.terraform.io/hashicorp/null\"]",
      "instances": [
        {
          "index_key": 0,
          "schema_version": 0,
          "attributes": {
            "id": "7384159056997975900",
            "triggers": {
              "additional_components_command": ".terraform/modules/gcloud/scripts/check_components.sh gcloud kubectl"
            }
          },
          "sensitive_attributes": [],
          "dependencies": [
            "module.gcloud.data.external.env_override",
            "module.gcloud.null_resource.additional_components",
            "module.gcloud.null_resource.decompress",
            "module.gcloud.null_resource.gcloud_auth_google_credentials",
            "module.gcloud.null_resource.gcloud_auth_service_account_key_file",
            "module.gcloud.null_resource.module_depends_on",
            "module.gcloud.null_resource.run_destroy_command",
            "module.gcloud.null_resource.upgrade",
            "module.gcloud.random_id.cache"
          ]
        }
      ]
    },
    {
      "module": "module.gcloud",
      "mode": "managed",
      "type": "null_resource",
      "name": "run_command",
      "provider": "provider[\"registry.terraform.io/hashicorp/null\"]",
      "instances": [
        {
          "index_key": 0,
          "schema_version": 0,
          "attributes": {
            "id": "7369810886241232459",
            "triggers": {
              "arguments": "4c37410c946ead0454361921be704328",
              "create_cmd_body": "container clusters get-credentials online-boutique --zone us-central1-a --project spatial-shore-354923",
              "create_cmd_entrypoint": "gcloud",
              "gcloud_bin_abs_path": "/google-cloud-sdk/bin",
              "md5": "7f22bf39aaf5ce5980111c3587bef5b5"
            }
          },
          "sensitive_attributes": [],
          "dependencies": [
            "module.gcloud.data.external.env_override",
            "module.gcloud.null_resource.additional_components",
            "module.gcloud.null_resource.decompress",
            "module.gcloud.null_resource.gcloud_auth_google_credentials",
            "module.gcloud.null_resource.gcloud_auth_service_account_key_file",
            "module.gcloud.null_resource.module_depends_on",
            "module.gcloud.null_resource.upgrade",
            "module.gcloud.random_id.cache"
          ]
        }
      ]
    },
    {
      "module": "module.gcloud",
      "mode": "managed",
      "type": "null_resource",
      "name": "run_destroy_command",
      "provider": "provider[\"registry.terraform.io/hashicorp/null\"]",
      "instances": [
        {
          "index_key": 0,
          "schema_version": 0,
          "attributes": {
            "id": "973504541570588319",
            "triggers": {
              "destroy_cmd_body": "info",
              "destroy_cmd_entrypoint": "gcloud",
              "gcloud_bin_abs_path": "/google-cloud-sdk/bin"
            }
          },
          "sensitive_attributes": [],
          "dependencies": [
            "module.gcloud.data.external.env_override",
            "module.gcloud.null_resource.additional_components",
            "module.gcloud.null_resource.decompress",
            "module.gcloud.null_resource.gcloud_auth_google_credentials",
            "module.gcloud.null_resource.gcloud_auth_service_account_key_file",
            "module.gcloud.null_resource.module_depends_on",
            "module.gcloud.null_resource.upgrade",
            "module.gcloud.random_id.cache"
          ]
        }
      ]
    }
  ],
  "check_results": null
}
