{
  "version": 4,
  "terraform_version": "1.5.0",
  "serial": 75,
  "lineage": "984524e9-f423-b1e6-831f-9d71363bbf93",
  "outputs": {},
  "resources": [
    {
      "mode": "managed",
      "type": "google_compute_address",
      "name": "external_ip",
      "provider": "provider[\"registry.terraform.io/hashicorp/google\"]",
      "instances": [
        {
          "schema_version": 0,
          "attributes": {
            "address": "104.197.88.19",
            "address_type": "EXTERNAL",
            "creation_timestamp": "2023-11-27T07:39:22.628-08:00",
            "description": "",
            "id": "projects/spatial-shore-354923/regions/us-central1/addresses/dynamic-external-ip",
            "ip_version": "",
            "ipv6_endpoint_type": "",
            "name": "dynamic-external-ip",
            "network": "",
            "network_tier": "PREMIUM",
            "prefix_length": 0,
            "project": "spatial-shore-354923",
            "purpose": "",
            "region": "us-central1",
            "self_link": "https://www.googleapis.com/compute/v1/projects/spatial-shore-354923/regions/us-central1/addresses/dynamic-external-ip",
            "subnetwork": "",
            "timeouts": null,
            "users": []
          },
          "sensitive_attributes": [],
          "private": "eyJlMmJmYjczMC1lY2FhLTExZTYtOGY4OC0zNDM2M2JjN2M0YzAiOnsiY3JlYXRlIjoxMjAwMDAwMDAwMDAwLCJkZWxldGUiOjEyMDAwMDAwMDAwMDB9fQ=="
        }
      ]
    },
    {
      "mode": "managed",
      "type": "google_compute_instance",
      "name": "vm_instance",
      "provider": "provider[\"registry.terraform.io/hashicorp/google\"]",
      "instances": [
        {
          "schema_version": 6,
          "attributes": {
            "advanced_machine_features": [],
            "allow_stopping_for_update": null,
            "attached_disk": [],
            "boot_disk": [
              {
                "auto_delete": true,
                "device_name": "persistent-disk-0",
                "disk_encryption_key_raw": "",
                "disk_encryption_key_sha256": "",
                "initialize_params": [
                  {
                    "image": "https://www.googleapis.com/compute/v1/projects/debian-cloud/global/images/debian-10-buster-v20231115",
                    "labels": {},
                    "resource_manager_tags": null,
                    "size": 10,
                    "type": "pd-standard"
                  }
                ],
                "kms_key_self_link": "",
                "mode": "READ_WRITE",
                "source": "https://www.googleapis.com/compute/v1/projects/spatial-shore-354923/zones/us-central1-a/disks/test-machine"
              }
            ],
            "can_ip_forward": false,
            "confidential_instance_config": [],
            "cpu_platform": "Intel Broadwell",
            "current_status": "RUNNING",
            "deletion_protection": false,
            "description": "",
            "desired_status": null,
            "effective_labels": {},
            "enable_display": false,
            "guest_accelerator": [],
            "hostname": "",
            "id": "projects/spatial-shore-354923/zones/us-central1-a/instances/test-machine",
            "instance_id": "4424546552665147054",
            "label_fingerprint": "42WmSpB8rSM=",
            "labels": null,
            "machine_type": "e2-standard-2",
            "metadata": {
              "ssh-keys": "devops-admin:ssh-rsa AAAAB3NzaC1yc2EAAAADAQABAAABAQDWPDT/Une2q/vj1nvwt3DBx6Y38giGLHmcrmcKhDevHrwwZWvEoqWTncrRHJdxXOEubbCPk/cnDojWR9lS1jg9qy33k7mPOMopqzVKFROyYONGnz8UcgMLsksakI/3a0XDTACiQl7WGyo3v2vaxNFYR0W37yhRRpX5C47l8Mv5qG5YTWSm8muwZDEzOYi/+sj+HW+raS7M3qwzQzqwLzN3JLmNKHQYETy752Mu1EtRPDBBHD+0Qp56SPGgMbaygf2A3Tv9A6PtDxtnmd4mP5LkxvBktXhF+zUsSf8phcoWAz/X7KREodYDUGc+mStrmf7PKVc/c70Vs0bYyTnOnJ8D amine.titrofine@gmail.com\n"
            },
            "metadata_fingerprint": "RuL9_vKoExg=",
            "metadata_startup_script": null,
            "min_cpu_platform": "",
            "name": "test-machine",
            "network_interface": [
              {
                "access_config": [
                  {
                    "nat_ip": "104.197.88.19",
                    "network_tier": "PREMIUM",
                    "public_ptr_domain_name": ""
                  }
                ],
                "alias_ip_range": [],
                "internal_ipv6_prefix_length": 0,
                "ipv6_access_config": [],
                "ipv6_access_type": "",
                "ipv6_address": "",
                "name": "nic0",
                "network": "https://www.googleapis.com/compute/v1/projects/spatial-shore-354923/global/networks/default",
                "network_ip": "10.128.0.41",
                "nic_type": "",
                "queue_count": 0,
                "stack_type": "IPV4_ONLY",
                "subnetwork": "https://www.googleapis.com/compute/v1/projects/spatial-shore-354923/regions/us-central1/subnetworks/default",
                "subnetwork_project": "spatial-shore-354923"
              }
            ],
            "network_performance_config": [],
            "params": [],
            "project": "spatial-shore-354923",
            "reservation_affinity": [],
            "resource_policies": null,
            "scheduling": [
              {
                "automatic_restart": true,
                "instance_termination_action": "",
                "local_ssd_recovery_timeout": [],
                "min_node_cpus": 0,
                "node_affinities": [],
                "on_host_maintenance": "MIGRATE",
                "preemptible": false,
                "provisioning_model": "STANDARD"
              }
            ],
            "scratch_disk": [],
            "self_link": "https://www.googleapis.com/compute/v1/projects/spatial-shore-354923/zones/us-central1-a/instances/test-machine",
            "service_account": [],
            "shielded_instance_config": [
              {
                "enable_integrity_monitoring": true,
                "enable_secure_boot": false,
                "enable_vtpm": true
              }
            ],
            "tags": null,
            "tags_fingerprint": "42WmSpB8rSM=",
            "terraform_labels": {},
            "timeouts": null,
            "zone": "us-central1-a"
          },
          "sensitive_attributes": [],
          "private": "eyJlMmJmYjczMC1lY2FhLTExZTYtOGY4OC0zNDM2M2JjN2M0YzAiOnsiY3JlYXRlIjoxMjAwMDAwMDAwMDAwLCJkZWxldGUiOjEyMDAwMDAwMDAwMDAsInVwZGF0ZSI6MTIwMDAwMDAwMDAwMH0sInNjaGVtYV92ZXJzaW9uIjoiNiJ9",
          "dependencies": [
            "google_compute_address.external_ip"
          ]
        }
      ]
    },
    {
      "mode": "managed",
      "type": "google_container_cluster",
      "name": "my_cluster",
      "provider": "provider[\"registry.terraform.io/hashicorp/google\"]",
      "instances": [
        {
          "schema_version": 2,
          "attributes": {
            "addons_config": [
              {
                "cloudrun_config": [],
                "config_connector_config": [],
                "dns_cache_config": [],
                "gce_persistent_disk_csi_driver_config": [
                  {
                    "enabled": true
                  }
                ],
                "gcp_filestore_csi_driver_config": [],
                "gcs_fuse_csi_driver_config": [],
                "gke_backup_agent_config": [],
                "horizontal_pod_autoscaling": [],
                "http_load_balancing": [],
                "network_policy_config": [
                  {
                    "disabled": true
                  }
                ]
              }
            ],
            "allow_net_admin": null,
            "authenticator_groups_config": [],
            "binary_authorization": [
              {
                "enabled": false,
                "evaluation_mode": ""
              }
            ],
            "cluster_autoscaling": [
              {
                "auto_provisioning_defaults": [],
                "enabled": false,
                "resource_limits": []
              }
            ],
            "cluster_ipv4_cidr": "10.116.0.0/14",
            "confidential_nodes": [],
            "cost_management_config": [],
            "database_encryption": [
              {
                "key_name": "",
                "state": "DECRYPTED"
              }
            ],
            "datapath_provider": "",
            "default_max_pods_per_node": 110,
            "default_snat_status": [
              {
                "disabled": false
              }
            ],
            "deletion_protection": false,
            "description": "",
            "dns_config": [],
            "enable_autopilot": false,
            "enable_intranode_visibility": false,
            "enable_k8s_beta_apis": [],
            "enable_kubernetes_alpha": false,
            "enable_l4_ilb_subsetting": false,
            "enable_legacy_abac": false,
            "enable_shielded_nodes": true,
            "enable_tpu": false,
            "endpoint": "34.29.55.184",
            "gateway_api_config": [],
            "id": "projects/spatial-shore-354923/locations/us-central1-a/clusters/online-boutique",
            "initial_node_count": 1,
            "ip_allocation_policy": [
              {
                "additional_pod_ranges_config": [],
                "cluster_ipv4_cidr_block": "10.116.0.0/14",
                "cluster_secondary_range_name": "gke-online-boutique-pods-2eeabf7e",
                "pod_cidr_overprovision_config": [
                  {
                    "disabled": false
                  }
                ],
                "services_ipv4_cidr_block": "10.120.0.0/20",
                "services_secondary_range_name": "gke-online-boutique-services-2eeabf7e",
                "stack_type": "IPV4"
              }
            ],
            "label_fingerprint": "a9dc16a7",
            "location": "us-central1-a",
            "logging_config": [
              {
                "enable_components": [
                  "SYSTEM_COMPONENTS",
                  "WORKLOADS"
                ]
              }
            ],
            "logging_service": "logging.googleapis.com/kubernetes",
            "maintenance_policy": [],
            "master_auth": [
              {
                "client_certificate": "",
                "client_certificate_config": [
                  {
                    "issue_client_certificate": false
                  }
                ],
                "client_key": "",
                "cluster_ca_certificate": "LS0tLS1CRUdJTiBDRVJUSUZJQ0FURS0tLS0tCk1JSUVMRENDQXBTZ0F3SUJBZ0lRTUM4MTN1dHVLV0pNWFIwV0JTKyttVEFOQmdrcWhraUc5dzBCQVFzRkFEQXYKTVMwd0t3WURWUVFERXlSak9USTVOMlJrWlMwMlpXWTVMVFJqWlRNdE9USTBaaTFrWXpKbU16aG1NbU01TkRRdwpJQmNOTWpNeE1USTNNVFF6T1RJeldoZ1BNakExTXpFeE1Ua3hOVE01TWpOYU1DOHhMVEFyQmdOVkJBTVRKR001Ck1qazNaR1JsTFRabFpqa3ROR05sTXkwNU1qUm1MV1JqTW1Zek9HWXlZemswTkRDQ0FhSXdEUVlKS29aSWh2Y04KQVFFQkJRQURnZ0dQQURDQ0FZb0NnZ0dCQU9ZZGZpei9ualM5bSttLzlpMGttVlF4R1U0ZGJTRFlmS1V5Rk1xegpmQVF6OWxUT2ZiUkVBclExTWJYZ01WSTE4dDZyNUErdy9CUnVBa3NuaFJaTUhhZTJzNFBtZThobEVDSTFwVENYClZwd0pkS1lXWllrbFpXUFI3OVRyVndiYytvb25VSzFQQzdOd1lzTDlBQ2pLQm1SQzl0bGdSOE1oQnJpTHlnaGMKNjZHbXprM3B0ZUtsdUlzMkV0dm5wdTNpZGlJQ1FTMFAvVFVEaldTZ2RFZ0hWcjRnb0lNMFZUU0ZzNWQ3RjBzLwpTdGNmZmcvUXFuc2JWMTFNYTFYUi8xYytrbk5kdmJBTnVGOHhCampoVUN4QnI4TTZiSy9tUW9OcmdZR3ZwSGVTCmJFdnA2R2xSaW4vMGJYenBXYm5iUHZOUGZlT05ldjRUbEJ3R1I0WGxHVkhOZElvOEt5bDNTUy81U1ZqeUZucUwKcERnZkJ1RFE4U1BFYzM4MHNsUjcvK2RqUTU0clEvYXlMQWROTUFCTEJSMjI5cExTWGlyQUdrdndFNjhUNGRUMwo1MXA5OTlmY1FMeWcrdVBHOHFaSUZDaStsZHhwSHhLVkp2RVBWZ1dLcGdOWEdvZnZVV0lvNHBvK0JDWGVZVUloCnYrOVRCZHg4djJ6b0xDdjcxSXhEN3BnTzR3SURBUUFCbzBJd1FEQU9CZ05WSFE4QkFmOEVCQU1DQWdRd0R3WUQKVlIwVEFRSC9CQVV3QXdFQi96QWRCZ05WSFE0RUZnUVUwT2RETEdRdUFvYmRWK3FPeVZsMUR4OHN4K1V3RFFZSgpLb1pJaHZjTkFRRUxCUUFEZ2dHQkFDS1hMUmNXOC9ZcEpBZzlZOVZ5VUdEVE9LRXBFNTJXNmtrZFJkTHRpZnBaClF5Y3dhRjdLZmF1bjF0alJCZWQwM2lZUWZHT1FDaXFHVHZ4V2x6eHZZanBQdktZMkRtWENJZmZ2VUV0NHczMjYKN3Y2WVRHUXBQR0xkSXJ3SFc4UG9vV1F5d0xaOWo2TDhGZ2l6NlFuVzhaYmdwTllOTUc2akF0RjBLdm82Nk5ZTApHU3Y0cEVZcS9CTHpqdjVGcFNjVWtwdVhYVWNQMjU5eUhGRVRMczVHLzFYWHRVS2hleVVhVHRad2EyWURSb1JPCjlTWGtyUUo5NTlIWVU2OWZMbHlGVHVNZGVBMnRxWjFLRHF4MU5mZlYreEl3SUw0SkJWUkRNVFRNem5ObnZXcEoKRlM4Um5RNTJ0Q2E0Rk5nU3BBd3ZVVmFPcGFuYWRmU2R5b25sbmUyQUQ2RVo0VkJoMDQxTGJYTVkrUitsQjcvVQpwY05jZEU1Z1BEbUxoMHhUWkJOZERnb2tkV1lYN1NXYml0OGMyaTU4dExRWkw3WkNXOWpraDQvUk9hYk9GRVp2CkwzRGhIL1JKVkpJV3Q3ektCN0FMRUgwSmwyL2UyZlVhY0IvTDZXbUI0QlBhdWNqc2NIcmxyZTd1ZEJWZDVHengKTHFMY2NBREQ0L25ldmY5alpCby9uZz09Ci0tLS0tRU5EIENFUlRJRklDQVRFLS0tLS0K"
              }
            ],
            "master_authorized_networks_config": [],
            "master_version": "1.27.3-gke.100",
            "mesh_certificates": [],
            "min_master_version": null,
            "monitoring_config": [
              {
                "advanced_datapath_observability_config": [
                  {
                    "enable_metrics": false,
                    "relay_mode": ""
                  }
                ],
                "enable_components": [
                  "SYSTEM_COMPONENTS"
                ],
                "managed_prometheus": [
                  {
                    "enabled": true
                  }
                ]
              }
            ],
            "monitoring_service": "monitoring.googleapis.com/kubernetes",
            "name": "online-boutique",
            "network": "projects/spatial-shore-354923/global/networks/default",
            "network_policy": [
              {
                "enabled": false,
                "provider": "PROVIDER_UNSPECIFIED"
              }
            ],
            "networking_mode": "VPC_NATIVE",
            "node_config": [],
            "node_locations": [],
            "node_pool": [],
            "node_pool_auto_config": [],
            "node_pool_defaults": [
              {
                "node_config_defaults": [
                  {
                    "logging_variant": "DEFAULT"
                  }
                ]
              }
            ],
            "node_version": "1.27.3-gke.100",
            "notification_config": [
              {
                "pubsub": [
                  {
                    "enabled": false,
                    "filter": [],
                    "topic": ""
                  }
                ]
              }
            ],
            "operation": null,
            "private_cluster_config": [
              {
                "enable_private_endpoint": false,
                "enable_private_nodes": false,
                "master_global_access_config": [
                  {
                    "enabled": false
                  }
                ],
                "master_ipv4_cidr_block": "",
                "peering_name": "",
                "private_endpoint": "10.128.0.40",
                "private_endpoint_subnetwork": "",
                "public_endpoint": "34.29.55.184"
              }
            ],
            "private_ipv6_google_access": "",
            "project": "spatial-shore-354923",
            "release_channel": [
              {
                "channel": "REGULAR"
              }
            ],
            "remove_default_node_pool": true,
            "resource_labels": null,
            "resource_usage_export_config": [],
            "security_posture_config": [
              {
                "mode": "BASIC",
                "vulnerability_mode": "VULNERABILITY_MODE_UNSPECIFIED"
              }
            ],
            "self_link": "https://container.googleapis.com/v1/projects/spatial-shore-354923/zones/us-central1-a/clusters/online-boutique",
            "service_external_ips_config": [
              {
                "enabled": false
              }
            ],
            "services_ipv4_cidr": "10.120.0.0/20",
            "subnetwork": "projects/spatial-shore-354923/regions/us-central1/subnetworks/default",
            "timeouts": null,
            "tpu_ipv4_cidr_block": "",
            "vertical_pod_autoscaling": [],
            "workload_identity_config": []
          },
          "sensitive_attributes": [],
          "private": "eyJlMmJmYjczMC1lY2FhLTExZTYtOGY4OC0zNDM2M2JjN2M0YzAiOnsiY3JlYXRlIjoyNDAwMDAwMDAwMDAwLCJkZWxldGUiOjI0MDAwMDAwMDAwMDAsInJlYWQiOjI0MDAwMDAwMDAwMDAsInVwZGF0ZSI6MzYwMDAwMDAwMDAwMH0sInNjaGVtYV92ZXJzaW9uIjoiMiJ9"
        }
      ]
    },
    {
      "mode": "managed",
      "type": "google_container_node_pool",
      "name": "primary_nodes",
      "provider": "provider[\"registry.terraform.io/hashicorp/google\"]",
      "instances": [
        {
          "schema_version": 1,
          "attributes": {
            "autoscaling": [
              {
                "location_policy": "ANY",
                "max_node_count": 3,
                "min_node_count": 1,
                "total_max_node_count": 0,
                "total_min_node_count": 0
              }
            ],
            "cluster": "online-boutique",
            "id": "projects/spatial-shore-354923/locations/us-central1-a/clusters/online-boutique/nodePools/online-boutique-node-pool",
            "initial_node_count": 1,
            "instance_group_urls": [
              "https://www.googleapis.com/compute/v1/projects/spatial-shore-354923/zones/us-central1-a/instanceGroupManagers/gke-online-boutique-online-boutique-n-d987c8dd-grp"
            ],
            "location": "us-central1-a",
            "managed_instance_group_urls": [
              "https://www.googleapis.com/compute/v1/projects/spatial-shore-354923/zones/us-central1-a/instanceGroups/gke-online-boutique-online-boutique-n-d987c8dd-grp"
            ],
            "management": [
              {
                "auto_repair": true,
                "auto_upgrade": true
              }
            ],
            "max_pods_per_node": 110,
            "name": "online-boutique-node-pool",
            "name_prefix": "",
            "network_config": [
              {
                "create_pod_range": false,
                "enable_private_nodes": false,
                "pod_cidr_overprovision_config": [],
                "pod_ipv4_cidr_block": "10.116.0.0/14",
                "pod_range": "gke-online-boutique-pods-2eeabf7e"
              }
            ],
            "node_config": [
              {
                "advanced_machine_features": [],
                "boot_disk_kms_key": "",
                "confidential_nodes": [],
                "disk_size_gb": 100,
                "disk_type": "pd-balanced",
                "effective_taints": [],
                "ephemeral_storage_local_ssd_config": [],
                "fast_socket": [],
                "gcfs_config": [],
                "guest_accelerator": [],
                "gvnic": [],
                "host_maintenance_policy": [],
                "image_type": "COS_CONTAINERD",
                "kubelet_config": [],
                "labels": {
                  "env": "spatial-shore-354923"
                },
                "linux_node_config": [],
                "local_nvme_ssd_block_config": [],
                "local_ssd_count": 0,
                "logging_variant": "DEFAULT",
                "machine_type": "e2-standard-2",
                "metadata": {
                  "disable-legacy-endpoints": "true"
                },
                "min_cpu_platform": "",
                "node_group": "",
                "oauth_scopes": [
                  "https://www.googleapis.com/auth/logging.write",
                  "https://www.googleapis.com/auth/monitoring"
                ],
                "preemptible": true,
                "reservation_affinity": [],
                "resource_labels": null,
                "service_account": "default",
                "shielded_instance_config": [
                  {
                    "enable_integrity_monitoring": true,
                    "enable_secure_boot": false
                  }
                ],
                "sole_tenant_config": [],
                "spot": false,
                "tags": [
                  "gke-node",
                  "spatial-shore-354923-gke"
                ],
                "taint": [],
                "workload_metadata_config": []
              }
            ],
            "node_count": 1,
            "node_locations": [
              "us-central1-a"
            ],
            "operation": null,
            "placement_policy": [],
            "project": "spatial-shore-354923",
            "timeouts": {
              "create": "20m",
              "delete": null,
              "update": "20m"
            },
            "upgrade_settings": [
              {
                "blue_green_settings": [],
                "max_surge": 1,
                "max_unavailable": 0,
                "strategy": "SURGE"
              }
            ],
            "version": "1.27.3-gke.100"
          },
          "sensitive_attributes": [],
          "private": "eyJlMmJmYjczMC1lY2FhLTExZTYtOGY4OC0zNDM2M2JjN2M0YzAiOnsiY3JlYXRlIjoxMjAwMDAwMDAwMDAwLCJkZWxldGUiOjE4MDAwMDAwMDAwMDAsInVwZGF0ZSI6MTIwMDAwMDAwMDAwMH0sInNjaGVtYV92ZXJzaW9uIjoiMSJ9",
          "dependencies": [
            "google_container_cluster.my_cluster"
          ]
        }
      ]
    }
  ],
  "check_results": null
}
