{
  "version": 4,
  "terraform_version": "1.5.0",
  "serial": 271,
  "lineage": "984524e9-f423-b1e6-831f-9d71363bbf93",
  "outputs": {
    "cluster_location": {
      "value": "us-central1-a",
      "type": "string"
    },
    "cluster_name": {
      "value": "online-boutique",
      "type": "string"
    }
  },
  "resources": [
    {
      "mode": "managed",
      "type": "google_compute_address",
      "name": "external_ip",
      "provider": "provider[\"registry.terraform.io/hashicorp/google\"]",
      "instances": [
        {
          "schema_version": 0,
          "attributes": {
            "address": "35.222.142.152",
            "address_type": "EXTERNAL",
            "creation_timestamp": "2023-12-02T12:00:22.737-08:00",
            "description": "",
            "id": "projects/spatial-shore-354923/regions/us-central1/addresses/dynamic-external-ip",
            "ip_version": "",
            "ipv6_endpoint_type": "",
            "name": "dynamic-external-ip",
            "network": "",
            "network_tier": "PREMIUM",
            "prefix_length": 0,
            "project": "spatial-shore-354923",
            "purpose": "",
            "region": "us-central1",
            "self_link": "https://www.googleapis.com/compute/v1/projects/spatial-shore-354923/regions/us-central1/addresses/dynamic-external-ip",
            "subnetwork": "",
            "timeouts": null,
            "users": []
          },
          "sensitive_attributes": [],
          "private": "eyJlMmJmYjczMC1lY2FhLTExZTYtOGY4OC0zNDM2M2JjN2M0YzAiOnsiY3JlYXRlIjoxMjAwMDAwMDAwMDAwLCJkZWxldGUiOjEyMDAwMDAwMDAwMDB9fQ=="
        }
      ]
    },
    {
      "mode": "managed",
      "type": "google_compute_instance",
      "name": "vm_instance",
      "provider": "provider[\"registry.terraform.io/hashicorp/google\"]",
      "instances": [
        {
          "schema_version": 6,
          "attributes": {
            "advanced_machine_features": [],
            "allow_stopping_for_update": null,
            "attached_disk": [],
            "boot_disk": [
              {
                "auto_delete": true,
                "device_name": "persistent-disk-0",
                "disk_encryption_key_raw": "",
                "disk_encryption_key_sha256": "",
                "initialize_params": [
                  {
                    "image": "https://www.googleapis.com/compute/v1/projects/debian-cloud/global/images/debian-10-buster-v20231115",
                    "labels": {},
                    "resource_manager_tags": null,
                    "size": 10,
                    "type": "pd-standard"
                  }
                ],
                "kms_key_self_link": "",
                "mode": "READ_WRITE",
                "source": "https://www.googleapis.com/compute/v1/projects/spatial-shore-354923/zones/us-central1-a/disks/test-machine"
              }
            ],
            "can_ip_forward": false,
            "confidential_instance_config": [],
            "cpu_platform": "Intel Broadwell",
            "current_status": "RUNNING",
            "deletion_protection": false,
            "description": "",
            "desired_status": null,
            "effective_labels": {},
            "enable_display": false,
            "guest_accelerator": [],
            "hostname": "",
            "id": "projects/spatial-shore-354923/zones/us-central1-a/instances/test-machine",
            "instance_id": "5754308868918619740",
            "label_fingerprint": "42WmSpB8rSM=",
            "labels": null,
            "machine_type": "e2-standard-2",
            "metadata": {
              "ssh-keys": "devops-admin:ssh-rsa AAAAB3NzaC1yc2EAAAADAQABAAABAQDWPDT/Une2q/vj1nvwt3DBx6Y38giGLHmcrmcKhDevHrwwZWvEoqWTncrRHJdxXOEubbCPk/cnDojWR9lS1jg9qy33k7mPOMopqzVKFROyYONGnz8UcgMLsksakI/3a0XDTACiQl7WGyo3v2vaxNFYR0W37yhRRpX5C47l8Mv5qG5YTWSm8muwZDEzOYi/+sj+HW+raS7M3qwzQzqwLzN3JLmNKHQYETy752Mu1EtRPDBBHD+0Qp56SPGgMbaygf2A3Tv9A6PtDxtnmd4mP5LkxvBktXhF+zUsSf8phcoWAz/X7KREodYDUGc+mStrmf7PKVc/c70Vs0bYyTnOnJ8D amine.titrofine@gmail.com\n"
            },
            "metadata_fingerprint": "RuL9_vKoExg=",
            "metadata_startup_script": null,
            "min_cpu_platform": "",
            "name": "test-machine",
            "network_interface": [
              {
                "access_config": [
                  {
                    "nat_ip": "35.222.142.152",
                    "network_tier": "PREMIUM",
                    "public_ptr_domain_name": ""
                  }
                ],
                "alias_ip_range": [],
                "internal_ipv6_prefix_length": 0,
                "ipv6_access_config": [],
                "ipv6_access_type": "",
                "ipv6_address": "",
                "name": "nic0",
                "network": "https://www.googleapis.com/compute/v1/projects/spatial-shore-354923/global/networks/default",
                "network_ip": "10.128.15.219",
                "nic_type": "",
                "queue_count": 0,
                "stack_type": "IPV4_ONLY",
                "subnetwork": "https://www.googleapis.com/compute/v1/projects/spatial-shore-354923/regions/us-central1/subnetworks/default",
                "subnetwork_project": "spatial-shore-354923"
              }
            ],
            "network_performance_config": [],
            "params": [],
            "project": "spatial-shore-354923",
            "reservation_affinity": [],
            "resource_policies": null,
            "scheduling": [
              {
                "automatic_restart": true,
                "instance_termination_action": "",
                "local_ssd_recovery_timeout": [],
                "min_node_cpus": 0,
                "node_affinities": [],
                "on_host_maintenance": "MIGRATE",
                "preemptible": false,
                "provisioning_model": "STANDARD"
              }
            ],
            "scratch_disk": [],
            "self_link": "https://www.googleapis.com/compute/v1/projects/spatial-shore-354923/zones/us-central1-a/instances/test-machine",
            "service_account": [],
            "shielded_instance_config": [
              {
                "enable_integrity_monitoring": true,
                "enable_secure_boot": false,
                "enable_vtpm": true
              }
            ],
            "tags": null,
            "tags_fingerprint": "42WmSpB8rSM=",
            "terraform_labels": {},
            "timeouts": null,
            "zone": "us-central1-a"
          },
          "sensitive_attributes": [],
          "private": "eyJlMmJmYjczMC1lY2FhLTExZTYtOGY4OC0zNDM2M2JjN2M0YzAiOnsiY3JlYXRlIjoxMjAwMDAwMDAwMDAwLCJkZWxldGUiOjEyMDAwMDAwMDAwMDAsInVwZGF0ZSI6MTIwMDAwMDAwMDAwMH0sInNjaGVtYV92ZXJzaW9uIjoiNiJ9",
          "dependencies": [
            "google_compute_address.external_ip"
          ]
        }
      ]
    },
    {
      "mode": "managed",
      "type": "google_container_cluster",
      "name": "my_cluster",
      "provider": "provider[\"registry.terraform.io/hashicorp/google\"]",
      "instances": [
        {
          "schema_version": 2,
          "attributes": {
            "addons_config": [
              {
                "cloudrun_config": [],
                "config_connector_config": [],
                "dns_cache_config": [],
                "gce_persistent_disk_csi_driver_config": [
                  {
                    "enabled": true
                  }
                ],
                "gcp_filestore_csi_driver_config": [],
                "gcs_fuse_csi_driver_config": [],
                "gke_backup_agent_config": [],
                "horizontal_pod_autoscaling": [],
                "http_load_balancing": [],
                "network_policy_config": [
                  {
                    "disabled": true
                  }
                ]
              }
            ],
            "allow_net_admin": null,
            "authenticator_groups_config": [],
            "binary_authorization": [
              {
                "enabled": false,
                "evaluation_mode": ""
              }
            ],
            "cluster_autoscaling": [
              {
                "auto_provisioning_defaults": [],
                "enabled": false,
                "resource_limits": []
              }
            ],
            "cluster_ipv4_cidr": "10.116.0.0/14",
            "confidential_nodes": [],
            "cost_management_config": [],
            "database_encryption": [
              {
                "key_name": "",
                "state": "DECRYPTED"
              }
            ],
            "datapath_provider": "",
            "default_max_pods_per_node": 110,
            "default_snat_status": [
              {
                "disabled": false
              }
            ],
            "deletion_protection": false,
            "description": "",
            "dns_config": [],
            "enable_autopilot": false,
            "enable_intranode_visibility": false,
            "enable_k8s_beta_apis": [],
            "enable_kubernetes_alpha": false,
            "enable_l4_ilb_subsetting": false,
            "enable_legacy_abac": false,
            "enable_shielded_nodes": true,
            "enable_tpu": false,
            "endpoint": "34.42.57.255",
            "gateway_api_config": [],
            "id": "projects/spatial-shore-354923/locations/us-central1-a/clusters/online-boutique",
            "initial_node_count": 1,
            "ip_allocation_policy": [
              {
                "additional_pod_ranges_config": [],
                "cluster_ipv4_cidr_block": "10.116.0.0/14",
                "cluster_secondary_range_name": "gke-online-boutique-pods-f8780936",
                "pod_cidr_overprovision_config": [
                  {
                    "disabled": false
                  }
                ],
                "services_ipv4_cidr_block": "10.120.0.0/20",
                "services_secondary_range_name": "gke-online-boutique-services-f8780936",
                "stack_type": "IPV4"
              }
            ],
            "label_fingerprint": "a9dc16a7",
            "location": "us-central1-a",
            "logging_config": [
              {
                "enable_components": [
                  "SYSTEM_COMPONENTS",
                  "WORKLOADS"
                ]
              }
            ],
            "logging_service": "logging.googleapis.com/kubernetes",
            "maintenance_policy": [],
            "master_auth": [
              {
                "client_certificate": "",
                "client_certificate_config": [
                  {
                    "issue_client_certificate": false
                  }
                ],
                "client_key": "",
                "cluster_ca_certificate": "LS0tLS1CRUdJTiBDRVJUSUZJQ0FURS0tLS0tCk1JSUVMRENDQXBTZ0F3SUJBZ0lRSlZOOHJ2MXJhVGZINHVtZ0tCZHNyVEFOQmdrcWhraUc5dzBCQVFzRkFEQXYKTVMwd0t3WURWUVFERXlRelpUaGhNbVk0TVMxak1qVXdMVFEyWmpVdFlqRmpZeTAxWmpJMFpXSTJZVGxoTXpNdwpJQmNOTWpNeE1qQXlNVGt3TURJeldoZ1BNakExTXpFeE1qUXlNREF3TWpOYU1DOHhMVEFyQmdOVkJBTVRKRE5sCk9HRXlaamd4TFdNeU5UQXRORFptTlMxaU1XTmpMVFZtTWpSbFlqWmhPV0V6TXpDQ0FhSXdEUVlKS29aSWh2Y04KQVFFQkJRQURnZ0dQQURDQ0FZb0NnZ0dCQUxZNS82UmdmNTdqWVE3RzdoZ2kyeWxUSis0Zkt3U2xFSHZCakpWWQpvb21VNjlLYnBMZGJUekRqSnJRcTdaK0pDUm0vQVJQcTJiandvai8zZ2R4bHpYU2I2MEhuN2g0WFpyRTY3LzAxCkVCQ1JXVGVCOUw1cERJZ0k3RWdqbEJmTTVVM0JhNFRXbDBSYmJqQ1JpMTVZYVRRcnVBNDV6aFN3RzdFUHBoQ2EKVXc1ck5SOGNMY21odmRnRnpUTE5kRGtnVVZmN205QmFhMlFWRUhwWTZPOUpxRjZFZmZXUUxSeSs0UC9mTjRRcAp3a0h2aGNqS3JsSWVRejVYMk1sWi9QdHFEL0c3eS9DZmRlZEtmTzNhc3JTRVJHcDh5SGx1T0pTUktqV1Vrd3hVClJGRlh5ak04MUxmcHQ2Ry9LZ040Z2psb1ppcDYzMTZJZnVJMzBWWUlTOU5rc1A0WG5udVNMTzBpYmZBaHJibWUKQWNtaXJ2aC9jZ2dBZCtpRjVSejJ0ditBTmp6YzBJQWJ2RHV4cGxCQS8wZjRDQkxmQUNmekhNWUxHd3dFcEVNUwpIWVVCbzBPM0NKL2RxWVJEaTZxR3BjakIzL2lZUCtHbkpwWlNWbkRrbkpEWXZkdlJKVFRYSGY1VlNCUGhVL0ovCjN6dWhvZXpNcWFEa0prRC92Y1pRWStsK0Z3SURBUUFCbzBJd1FEQU9CZ05WSFE4QkFmOEVCQU1DQWdRd0R3WUQKVlIwVEFRSC9CQVV3QXdFQi96QWRCZ05WSFE0RUZnUVU1R0ZmL05NRWxTL0ZlWWpRMXNDNEg2dWh1bWd3RFFZSgpLb1pJaHZjTkFRRUxCUUFEZ2dHQkFFRmlFK09BaUgyR3dGUS8vbE8zaWR3dDBCa3pKaDJLWjhKZW5NOUsySW1ZCnVnVTg5cTZWek1nQ0ltUW8vTGdWdmxNbWhObHg5bjhKa0Z5TFVPL2RaTk01eGJGN3Z0bVRZVnFHVk5wVnY5ZFgKM0Rodm5UY0EyR0Z1cHU2Wk51bFhKb3Qxb2FaU2FJdllKOThaZU41VDZJelNPcTAvd2tJZms3Y2lDOFh2V213VQp6Z2VIcG5YdlpSKy9zQ1RUZS91ejdrY2tCeVBwWHYweWNPZGx3cVpDYVhpVUh5NmV0Q3FFNFpFenBnUUR0anF1CndNVXYza1FpVWw5M0xVRnArZGVtY291UWp4WExJYS9SZGdMY3ZjSm5GOWlheEZzR1ZHVkwwVXdPbkwrb0VoK3YKSVhNcU01Ykt4TEJRbnhEd21kTm9SZzB2K0MvM2ZSRTFWajNZdTJCSkxwWHI3R2hoWjBCSi9zTjUrZ1ZjOFcxVwpqY25EaVBrWVJNUWQ4RURSRlFOeUdMK2x1OWNoRnZlbmhaMjc0ZkFxTmU5bjBwSHFuSU16UDFSM2pxbmlSMkJ6CmNjb2NLMWtFaEsxRW5xOEdZNFpqTFczaytBeGFEU0tnM0h1MWZORHVLZDVtOHJsclRjQ1Rucm5vZUMyaGlIV0EKc0hTMWdocUprdjRZdXBxdXYvZGJ6Zz09Ci0tLS0tRU5EIENFUlRJRklDQVRFLS0tLS0K"
              }
            ],
            "master_authorized_networks_config": [],
            "master_version": "1.27.3-gke.100",
            "mesh_certificates": [],
            "min_master_version": null,
            "monitoring_config": [
              {
                "advanced_datapath_observability_config": [
                  {
                    "enable_metrics": false,
                    "relay_mode": ""
                  }
                ],
                "enable_components": [
                  "SYSTEM_COMPONENTS"
                ],
                "managed_prometheus": [
                  {
                    "enabled": true
                  }
                ]
              }
            ],
            "monitoring_service": "monitoring.googleapis.com/kubernetes",
            "name": "online-boutique",
            "network": "projects/spatial-shore-354923/global/networks/default",
            "network_policy": [
              {
                "enabled": false,
                "provider": "PROVIDER_UNSPECIFIED"
              }
            ],
            "networking_mode": "VPC_NATIVE",
            "node_config": [
              {
                "advanced_machine_features": [],
                "boot_disk_kms_key": "",
                "confidential_nodes": [],
                "disk_size_gb": 100,
                "disk_type": "pd-balanced",
                "effective_taints": [],
                "ephemeral_storage_local_ssd_config": [],
                "fast_socket": [],
                "gcfs_config": [],
                "guest_accelerator": [],
                "gvnic": [],
                "host_maintenance_policy": [],
                "image_type": "COS_CONTAINERD",
                "kubelet_config": [],
                "labels": {
                  "env": "spatial-shore-354923"
                },
                "linux_node_config": [],
                "local_nvme_ssd_block_config": [],
                "local_ssd_count": 0,
                "logging_variant": "DEFAULT",
                "machine_type": "e2-standard-2",
                "metadata": {
                  "disable-legacy-endpoints": "true"
                },
                "min_cpu_platform": "",
                "node_group": "",
                "oauth_scopes": [
                  "https://www.googleapis.com/auth/logging.write",
                  "https://www.googleapis.com/auth/monitoring"
                ],
                "preemptible": true,
                "reservation_affinity": [],
                "resource_labels": {},
                "service_account": "default",
                "shielded_instance_config": [
                  {
                    "enable_integrity_monitoring": true,
                    "enable_secure_boot": false
                  }
                ],
                "sole_tenant_config": [],
                "spot": false,
                "tags": [
                  "gke-node",
                  "spatial-shore-354923-gke"
                ],
                "taint": [],
                "workload_metadata_config": []
              }
            ],
            "node_locations": [],
            "node_pool": [
              {
                "autoscaling": [
                  {
                    "location_policy": "ANY",
                    "max_node_count": 3,
                    "min_node_count": 1,
                    "total_max_node_count": 0,
                    "total_min_node_count": 0
                  }
                ],
                "initial_node_count": 1,
                "instance_group_urls": [
                  "https://www.googleapis.com/compute/v1/projects/spatial-shore-354923/zones/us-central1-a/instanceGroupManagers/gke-online-boutique-online-boutique-n-f8e4160e-grp"
                ],
                "managed_instance_group_urls": [
                  "https://www.googleapis.com/compute/v1/projects/spatial-shore-354923/zones/us-central1-a/instanceGroups/gke-online-boutique-online-boutique-n-f8e4160e-grp"
                ],
                "management": [
                  {
                    "auto_repair": true,
                    "auto_upgrade": true
                  }
                ],
                "max_pods_per_node": 110,
                "name": "online-boutique-node-pool",
                "name_prefix": "",
                "network_config": [
                  {
                    "create_pod_range": false,
                    "enable_private_nodes": false,
                    "pod_cidr_overprovision_config": [],
                    "pod_ipv4_cidr_block": "10.116.0.0/14",
                    "pod_range": "gke-online-boutique-pods-f8780936"
                  }
                ],
                "node_config": [
                  {
                    "advanced_machine_features": [],
                    "boot_disk_kms_key": "",
                    "confidential_nodes": [],
                    "disk_size_gb": 100,
                    "disk_type": "pd-balanced",
                    "effective_taints": [],
                    "ephemeral_storage_local_ssd_config": [],
                    "fast_socket": [],
                    "gcfs_config": [],
                    "guest_accelerator": [],
                    "gvnic": [],
                    "host_maintenance_policy": [],
                    "image_type": "COS_CONTAINERD",
                    "kubelet_config": [],
                    "labels": {
                      "env": "spatial-shore-354923"
                    },
                    "linux_node_config": [],
                    "local_nvme_ssd_block_config": [],
                    "local_ssd_count": 0,
                    "logging_variant": "DEFAULT",
                    "machine_type": "e2-standard-2",
                    "metadata": {
                      "disable-legacy-endpoints": "true"
                    },
                    "min_cpu_platform": "",
                    "node_group": "",
                    "oauth_scopes": [
                      "https://www.googleapis.com/auth/logging.write",
                      "https://www.googleapis.com/auth/monitoring"
                    ],
                    "preemptible": true,
                    "reservation_affinity": [],
                    "resource_labels": {},
                    "service_account": "default",
                    "shielded_instance_config": [
                      {
                        "enable_integrity_monitoring": true,
                        "enable_secure_boot": false
                      }
                    ],
                    "sole_tenant_config": [],
                    "spot": false,
                    "tags": [
                      "gke-node",
                      "spatial-shore-354923-gke"
                    ],
                    "taint": [],
                    "workload_metadata_config": []
                  }
                ],
                "node_count": 1,
                "node_locations": [
                  "us-central1-a"
                ],
                "placement_policy": [],
                "upgrade_settings": [
                  {
                    "blue_green_settings": [],
                    "max_surge": 1,
                    "max_unavailable": 0,
                    "strategy": "SURGE"
                  }
                ],
                "version": "1.27.3-gke.100"
              }
            ],
            "node_pool_auto_config": [],
            "node_pool_defaults": [
              {
                "node_config_defaults": [
                  {
                    "logging_variant": "DEFAULT"
                  }
                ]
              }
            ],
            "node_version": "1.27.3-gke.100",
            "notification_config": [
              {
                "pubsub": [
                  {
                    "enabled": false,
                    "filter": [],
                    "topic": ""
                  }
                ]
              }
            ],
            "operation": null,
            "private_cluster_config": [
              {
                "enable_private_endpoint": false,
                "enable_private_nodes": false,
                "master_global_access_config": [
                  {
                    "enabled": false
                  }
                ],
                "master_ipv4_cidr_block": "",
                "peering_name": "",
                "private_endpoint": "10.128.15.216",
                "private_endpoint_subnetwork": "",
                "public_endpoint": "34.42.57.255"
              }
            ],
            "private_ipv6_google_access": "",
            "project": "spatial-shore-354923",
            "release_channel": [
              {
                "channel": "REGULAR"
              }
            ],
            "remove_default_node_pool": true,
            "resource_labels": {},
            "resource_usage_export_config": [],
            "security_posture_config": [
              {
                "mode": "BASIC",
                "vulnerability_mode": "VULNERABILITY_MODE_UNSPECIFIED"
              }
            ],
            "self_link": "https://container.googleapis.com/v1/projects/spatial-shore-354923/zones/us-central1-a/clusters/online-boutique",
            "service_external_ips_config": [
              {
                "enabled": false
              }
            ],
            "services_ipv4_cidr": "10.120.0.0/20",
            "subnetwork": "projects/spatial-shore-354923/regions/us-central1/subnetworks/default",
            "timeouts": null,
            "tpu_ipv4_cidr_block": "",
            "vertical_pod_autoscaling": [],
            "workload_identity_config": []
          },
          "sensitive_attributes": [],
          "private": "eyJlMmJmYjczMC1lY2FhLTExZTYtOGY4OC0zNDM2M2JjN2M0YzAiOnsiY3JlYXRlIjoyNDAwMDAwMDAwMDAwLCJkZWxldGUiOjI0MDAwMDAwMDAwMDAsInJlYWQiOjI0MDAwMDAwMDAwMDAsInVwZGF0ZSI6MzYwMDAwMDAwMDAwMH0sInNjaGVtYV92ZXJzaW9uIjoiMiJ9"
        }
      ]
    },
    {
      "mode": "managed",
      "type": "google_container_node_pool",
      "name": "primary_nodes",
      "provider": "provider[\"registry.terraform.io/hashicorp/google\"]",
      "instances": [
        {
          "schema_version": 1,
          "attributes": {
            "autoscaling": [
              {
                "location_policy": "ANY",
                "max_node_count": 3,
                "min_node_count": 1,
                "total_max_node_count": 0,
                "total_min_node_count": 0
              }
            ],
            "cluster": "online-boutique",
            "id": "projects/spatial-shore-354923/locations/us-central1-a/clusters/online-boutique/nodePools/online-boutique-node-pool",
            "initial_node_count": 1,
            "instance_group_urls": [
              "https://www.googleapis.com/compute/v1/projects/spatial-shore-354923/zones/us-central1-a/instanceGroupManagers/gke-online-boutique-online-boutique-n-f8e4160e-grp"
            ],
            "location": "us-central1-a",
            "managed_instance_group_urls": [
              "https://www.googleapis.com/compute/v1/projects/spatial-shore-354923/zones/us-central1-a/instanceGroups/gke-online-boutique-online-boutique-n-f8e4160e-grp"
            ],
            "management": [
              {
                "auto_repair": true,
                "auto_upgrade": true
              }
            ],
            "max_pods_per_node": 110,
            "name": "online-boutique-node-pool",
            "name_prefix": "",
            "network_config": [
              {
                "create_pod_range": false,
                "enable_private_nodes": false,
                "pod_cidr_overprovision_config": [],
                "pod_ipv4_cidr_block": "10.116.0.0/14",
                "pod_range": "gke-online-boutique-pods-f8780936"
              }
            ],
            "node_config": [
              {
                "advanced_machine_features": [],
                "boot_disk_kms_key": "",
                "confidential_nodes": [],
                "disk_size_gb": 100,
                "disk_type": "pd-balanced",
                "effective_taints": [],
                "ephemeral_storage_local_ssd_config": [],
                "fast_socket": [],
                "gcfs_config": [],
                "guest_accelerator": [],
                "gvnic": [],
                "host_maintenance_policy": [],
                "image_type": "COS_CONTAINERD",
                "kubelet_config": [],
                "labels": {
                  "env": "spatial-shore-354923"
                },
                "linux_node_config": [],
                "local_nvme_ssd_block_config": [],
                "local_ssd_count": 0,
                "logging_variant": "DEFAULT",
                "machine_type": "e2-standard-2",
                "metadata": {
                  "disable-legacy-endpoints": "true"
                },
                "min_cpu_platform": "",
                "node_group": "",
                "oauth_scopes": [
                  "https://www.googleapis.com/auth/logging.write",
                  "https://www.googleapis.com/auth/monitoring"
                ],
                "preemptible": true,
                "reservation_affinity": [],
                "resource_labels": {},
                "service_account": "default",
                "shielded_instance_config": [
                  {
                    "enable_integrity_monitoring": true,
                    "enable_secure_boot": false
                  }
                ],
                "sole_tenant_config": [],
                "spot": false,
                "tags": [
                  "gke-node",
                  "spatial-shore-354923-gke"
                ],
                "taint": [],
                "workload_metadata_config": []
              }
            ],
            "node_count": 1,
            "node_locations": [
              "us-central1-a"
            ],
            "operation": null,
            "placement_policy": [],
            "project": "spatial-shore-354923",
            "timeouts": {
              "create": "20m",
              "delete": null,
              "update": "20m"
            },
            "upgrade_settings": [
              {
                "blue_green_settings": [],
                "max_surge": 1,
                "max_unavailable": 0,
                "strategy": "SURGE"
              }
            ],
            "version": "1.27.3-gke.100"
          },
          "sensitive_attributes": [],
          "private": "eyJlMmJmYjczMC1lY2FhLTExZTYtOGY4OC0zNDM2M2JjN2M0YzAiOnsiY3JlYXRlIjoxMjAwMDAwMDAwMDAwLCJkZWxldGUiOjE4MDAwMDAwMDAwMDAsInVwZGF0ZSI6MTIwMDAwMDAwMDAwMH0sInNjaGVtYV92ZXJzaW9uIjoiMSJ9",
          "dependencies": [
            "google_container_cluster.my_cluster"
          ]
        }
      ]
    },
    {
      "mode": "managed",
      "type": "null_resource",
      "name": "install_argocd",
      "provider": "provider[\"registry.terraform.io/hashicorp/null\"]",
      "instances": [
        {
          "schema_version": 0,
          "attributes": {
            "id": "6620229672593484951",
            "triggers": null
          },
          "sensitive_attributes": [],
          "dependencies": [
            "google_container_cluster.my_cluster",
            "module.gcloud.data.external.env_override",
            "module.gcloud.null_resource.additional_components",
            "module.gcloud.null_resource.additional_components_destroy",
            "module.gcloud.null_resource.decompress",
            "module.gcloud.null_resource.decompress_destroy",
            "module.gcloud.null_resource.download_gcloud",
            "module.gcloud.null_resource.download_jq",
            "module.gcloud.null_resource.gcloud_auth_google_credentials",
            "module.gcloud.null_resource.gcloud_auth_google_credentials_destroy",
            "module.gcloud.null_resource.gcloud_auth_service_account_key_file",
            "module.gcloud.null_resource.gcloud_auth_service_account_key_file_destroy",
            "module.gcloud.null_resource.module_depends_on",
            "module.gcloud.null_resource.prepare_cache",
            "module.gcloud.null_resource.run_command",
            "module.gcloud.null_resource.run_destroy_command",
            "module.gcloud.null_resource.upgrade",
            "module.gcloud.null_resource.upgrade_destroy",
            "module.gcloud.random_id.cache"
          ]
        }
      ]
    },
    {
      "module": "module.gcloud",
      "mode": "data",
      "type": "external",
      "name": "env_override",
      "provider": "provider[\"registry.terraform.io/hashicorp/external\"]",
      "instances": [
        {
          "index_key": 0,
          "schema_version": 0,
          "attributes": {
            "id": "-",
            "program": [
              ".terraform/modules/gcloud/scripts/check_env.sh"
            ],
            "query": {},
            "result": {
              "download": ""
            },
            "working_dir": null
          },
          "sensitive_attributes": []
        }
      ]
    },
    {
      "module": "module.gcloud",
      "mode": "managed",
      "type": "null_resource",
      "name": "additional_components",
      "provider": "provider[\"registry.terraform.io/hashicorp/null\"]",
      "instances": [
        {
          "index_key": 0,
          "schema_version": 0,
          "attributes": {
            "id": "7932466279158076153",
            "triggers": {
              "additional_components_command": ".terraform/modules/gcloud/scripts/check_components.sh gcloud kubectl",
              "arguments": "4c37410c946ead0454361921be704328",
              "md5": "7f22bf39aaf5ce5980111c3587bef5b5"
            }
          },
          "sensitive_attributes": [],
          "dependencies": [
            "module.gcloud.data.external.env_override",
            "module.gcloud.null_resource.decompress",
            "module.gcloud.null_resource.download_gcloud",
            "module.gcloud.null_resource.download_jq",
            "module.gcloud.null_resource.module_depends_on",
            "module.gcloud.null_resource.prepare_cache",
            "module.gcloud.null_resource.upgrade",
            "module.gcloud.random_id.cache"
          ]
        }
      ]
    },
    {
      "module": "module.gcloud",
      "mode": "managed",
      "type": "null_resource",
      "name": "additional_components_destroy",
      "provider": "provider[\"registry.terraform.io/hashicorp/null\"]",
      "instances": [
        {
          "index_key": 0,
          "schema_version": 0,
          "attributes": {
            "id": "762053709502905379",
            "triggers": {
              "additional_components_command": ".terraform/modules/gcloud/scripts/check_components.sh gcloud kubectl"
            }
          },
          "sensitive_attributes": [],
          "dependencies": [
            "module.gcloud.data.external.env_override",
            "module.gcloud.null_resource.additional_components",
            "module.gcloud.null_resource.decompress",
            "module.gcloud.null_resource.download_gcloud",
            "module.gcloud.null_resource.download_jq",
            "module.gcloud.null_resource.gcloud_auth_google_credentials",
            "module.gcloud.null_resource.gcloud_auth_service_account_key_file",
            "module.gcloud.null_resource.module_depends_on",
            "module.gcloud.null_resource.prepare_cache",
            "module.gcloud.null_resource.run_destroy_command",
            "module.gcloud.null_resource.upgrade",
            "module.gcloud.random_id.cache"
          ]
        }
      ]
    },
    {
      "module": "module.gcloud",
      "mode": "managed",
      "type": "null_resource",
      "name": "run_command",
      "provider": "provider[\"registry.terraform.io/hashicorp/null\"]",
      "instances": [
        {
          "index_key": 0,
          "schema_version": 0,
          "attributes": {
            "id": "2050243452399166348",
            "triggers": {
              "arguments": "4c37410c946ead0454361921be704328",
              "create_cmd_body": "container clusters get-credentials online-boutique --zone us-central1-a --project spatial-shore-354923",
              "create_cmd_entrypoint": "gcloud",
              "gcloud_bin_abs_path": "/google-cloud-sdk/bin",
              "md5": "7f22bf39aaf5ce5980111c3587bef5b5"
            }
          },
          "sensitive_attributes": [],
          "dependencies": [
            "module.gcloud.data.external.env_override",
            "module.gcloud.null_resource.additional_components",
            "module.gcloud.null_resource.decompress",
            "module.gcloud.null_resource.download_gcloud",
            "module.gcloud.null_resource.download_jq",
            "module.gcloud.null_resource.gcloud_auth_google_credentials",
            "module.gcloud.null_resource.gcloud_auth_service_account_key_file",
            "module.gcloud.null_resource.module_depends_on",
            "module.gcloud.null_resource.prepare_cache",
            "module.gcloud.null_resource.upgrade",
            "module.gcloud.random_id.cache"
          ]
        }
      ]
    },
    {
      "module": "module.gcloud",
      "mode": "managed",
      "type": "null_resource",
      "name": "run_destroy_command",
      "provider": "provider[\"registry.terraform.io/hashicorp/null\"]",
      "instances": [
        {
          "index_key": 0,
          "schema_version": 0,
          "attributes": {
            "id": "1924846290774731040",
            "triggers": {
              "destroy_cmd_body": "info",
              "destroy_cmd_entrypoint": "gcloud",
              "gcloud_bin_abs_path": "/google-cloud-sdk/bin"
            }
          },
          "sensitive_attributes": [],
          "dependencies": [
            "module.gcloud.data.external.env_override",
            "module.gcloud.null_resource.additional_components",
            "module.gcloud.null_resource.decompress",
            "module.gcloud.null_resource.download_gcloud",
            "module.gcloud.null_resource.download_jq",
            "module.gcloud.null_resource.gcloud_auth_google_credentials",
            "module.gcloud.null_resource.gcloud_auth_service_account_key_file",
            "module.gcloud.null_resource.module_depends_on",
            "module.gcloud.null_resource.prepare_cache",
            "module.gcloud.null_resource.upgrade",
            "module.gcloud.random_id.cache"
          ]
        }
      ]
    }
  ],
  "check_results": null
}
