{
  "version": 4,
  "terraform_version": "1.5.0",
  "serial": 410,
  "lineage": "984524e9-f423-b1e6-831f-9d71363bbf93",
  "outputs": {},
  "resources": [
    {
      "mode": "managed",
      "type": "google_compute_address",
      "name": "external_ip",
      "provider": "provider[\"registry.terraform.io/hashicorp/google\"]",
      "instances": [
        {
          "schema_version": 0,
          "attributes": {
            "address": "34.28.12.167",
            "address_type": "EXTERNAL",
            "creation_timestamp": "2023-12-05T09:31:31.629-08:00",
            "description": "",
            "id": "projects/spatial-shore-354923/regions/us-central1/addresses/dynamic-external-ip",
            "ip_version": "",
            "ipv6_endpoint_type": "",
            "name": "dynamic-external-ip",
            "network": "",
            "network_tier": "PREMIUM",
            "prefix_length": 0,
            "project": "spatial-shore-354923",
            "purpose": "",
            "region": "us-central1",
            "self_link": "https://www.googleapis.com/compute/v1/projects/spatial-shore-354923/regions/us-central1/addresses/dynamic-external-ip",
            "subnetwork": "",
            "timeouts": null,
            "users": []
          },
          "sensitive_attributes": [],
          "private": "eyJlMmJmYjczMC1lY2FhLTExZTYtOGY4OC0zNDM2M2JjN2M0YzAiOnsiY3JlYXRlIjoxMjAwMDAwMDAwMDAwLCJkZWxldGUiOjEyMDAwMDAwMDAwMDB9fQ=="
        }
      ]
    },
    {
      "mode": "managed",
      "type": "google_container_cluster",
      "name": "my_cluster",
      "provider": "provider[\"registry.terraform.io/hashicorp/google\"]",
      "instances": [
        {
          "schema_version": 2,
          "attributes": {
            "addons_config": [
              {
                "cloudrun_config": [],
                "config_connector_config": [],
                "dns_cache_config": [],
                "gce_persistent_disk_csi_driver_config": [
                  {
                    "enabled": true
                  }
                ],
                "gcp_filestore_csi_driver_config": [],
                "gcs_fuse_csi_driver_config": [],
                "gke_backup_agent_config": [],
                "horizontal_pod_autoscaling": [],
                "http_load_balancing": [],
                "network_policy_config": [
                  {
                    "disabled": true
                  }
                ]
              }
            ],
            "allow_net_admin": null,
            "authenticator_groups_config": [],
            "binary_authorization": [
              {
                "enabled": false,
                "evaluation_mode": ""
              }
            ],
            "cluster_autoscaling": [
              {
                "auto_provisioning_defaults": [],
                "enabled": false,
                "resource_limits": []
              }
            ],
            "cluster_ipv4_cidr": "10.116.0.0/14",
            "confidential_nodes": [],
            "cost_management_config": [],
            "database_encryption": [
              {
                "key_name": "",
                "state": "DECRYPTED"
              }
            ],
            "datapath_provider": "",
            "default_max_pods_per_node": 110,
            "default_snat_status": [
              {
                "disabled": false
              }
            ],
            "deletion_protection": false,
            "description": "",
            "dns_config": [],
            "enable_autopilot": false,
            "enable_intranode_visibility": false,
            "enable_k8s_beta_apis": [],
            "enable_kubernetes_alpha": false,
            "enable_l4_ilb_subsetting": false,
            "enable_legacy_abac": false,
            "enable_shielded_nodes": true,
            "enable_tpu": false,
            "endpoint": "104.197.3.230",
            "gateway_api_config": [],
            "id": "projects/spatial-shore-354923/locations/us-central1-a/clusters/online-boutique",
            "initial_node_count": 1,
            "ip_allocation_policy": [
              {
                "additional_pod_ranges_config": [],
                "cluster_ipv4_cidr_block": "10.116.0.0/14",
                "cluster_secondary_range_name": "gke-online-boutique-pods-0b30f104",
                "pod_cidr_overprovision_config": [
                  {
                    "disabled": false
                  }
                ],
                "services_ipv4_cidr_block": "10.120.0.0/20",
                "services_secondary_range_name": "gke-online-boutique-services-0b30f104",
                "stack_type": "IPV4"
              }
            ],
            "label_fingerprint": "a9dc16a7",
            "location": "us-central1-a",
            "logging_config": [
              {
                "enable_components": [
                  "SYSTEM_COMPONENTS",
                  "WORKLOADS"
                ]
              }
            ],
            "logging_service": "logging.googleapis.com/kubernetes",
            "maintenance_policy": [],
            "master_auth": [
              {
                "client_certificate": "",
                "client_certificate_config": [
                  {
                    "issue_client_certificate": false
                  }
                ],
                "client_key": "",
                "cluster_ca_certificate": "LS0tLS1CRUdJTiBDRVJUSUZJQ0FURS0tLS0tCk1JSUVMRENDQXBTZ0F3SUJBZ0lRYzBXL2hNaDBmcmFNM2FJd3JkTEJ2REFOQmdrcWhraUc5dzBCQVFzRkFEQXYKTVMwd0t3WURWUVFERXlRMVpETTNPRE5rWkMwM01UbG1MVFF6TkdNdE9XSXpOaTAxT1RVMU5qUmxaRGRqWXpZdwpJQmNOTWpNeE1qQTFNVFl3TWpBMFdoZ1BNakExTXpFeE1qY3hOekF5TURSYU1DOHhMVEFyQmdOVkJBTVRKRFZrCk16YzRNMlJrTFRjeE9XWXRORE0wWXkwNVlqTTJMVFU1TlRVMk5HVmtOMk5qTmpDQ0FhSXdEUVlKS29aSWh2Y04KQVFFQkJRQURnZ0dQQURDQ0FZb0NnZ0dCQU1OK0JuVVZvVUxmM1hPcE5iTk5ZbUtlWFVQK0lLWnQ0dUY2dmpBVQpENE5KVDFaOThTR0o1Y0tZN1NDOUQ0Si9FZ1N3bmFNSXBWZXN4bW81c2hWS28yMmF3VlhrNTBaMnJWWXhINHZxCmJ0TWVoN1hZenIwTVhpdUF5MXkzRS9FM3h0Y2ltNmlZeXNvTUszc3ZqZ0h5UUVGa2lTSElaR3pKNXU4THExWisKRW52ZTFlQkFCTnVuTHorcFB4OXBCVFlTazZ3eENXOHNFbWRORlJuV2ZIZ0JuaTg3K2t4R1Rra3NWZUNscjRYRgo4cGx5aEJ1a3NxVVlCYUluenZYeDZzdjBRaGx6S2ErS1FWcm8rOVEzcGtrRUxiVURNanMwalhaME1DWlhDS2Q3CncrcWVmRGJFa2FrdUdQQ2plM1pmbGZDc0M0MDhVOVd2WHM2b1hXd0xGUnY1L0ZBZkcwb3gwWk5UQ3FtcGExc2cKYStDQTNPM1IwNCtObXZsaG9aZUl3cXA2Skw2YVpTYzJaWW1ZVnlZNEZNTkNuaU5tZzAyVkNxZWlsS2NWcnlwaApTbXlqV1NqcGo4QWI2SXJiME1GYjJrU0hCeVpyMytjdE8zRlRYQmRXZHpsOW5KN0xYNVhJYVkzK3J2c0t1VlV3CmlhRmFueEVNbnJ1M2NFbnF0SmNMbitKRGZRSURBUUFCbzBJd1FEQU9CZ05WSFE4QkFmOEVCQU1DQWdRd0R3WUQKVlIwVEFRSC9CQVV3QXdFQi96QWRCZ05WSFE0RUZnUVVmVHR5Q0k2NjJuS3NaVStWeEtNdGc5ZGxOZDh3RFFZSgpLb1pJaHZjTkFRRUxCUUFEZ2dHQkFKNjVkeTd2WDJ6aFQwbWprc0RCak1WMmRaRjN5WHo5cDcvakZUQVBraFZFCks0dDc5NXNJa3JkaTRWaHFaZ3Q1V3dvVGdGd1ZWWUVsR29IWkl6WVYxUGFxZWY2Q1NHTFFWZmVUNWJEUEYyOFcKOTNuRDdQcjhDRmt1cVNjc1FnbEliYkR1OGpNTmJ4MHd6U0tCWGtSdmtCZk9SU3czN3B2MlhLenppdWVleGVwQwpFUnQ5dGxZNWNaWmJnVlRMZ2phTHFjZU9ja1FPT2kzRFJJeVFXUHpIR1YrQ1dCMXNoUG8yVEhIZ2M4bDJYb0h4Cnp0WTVaSTUwZ2h4QTlOc2NSZnMwTHJLR05pV0ZiVmpqYXp0Wmo0YWJJbEF0cUFIeHkrMWVmZU1WN05vbTdCVm8KQnEvdWhyd1RSdXUzazREWmVMUlJxcHkyZjNwbEpvUDBKbDhkeFNISmxKMU9NVmMwZWNDV21hUWdoYW52L0VycwpjejU4aUZTSFZqTFZybTdwQ1dsUWtrTG5jaG9peXVmRkd1b3o2Q0VzV2hZVkRoOHdwTllNWFZUY1c0V2txdUlXCi9UdlpZZk8xME56eWZ4OEl0Nm13Ym14d0ZjZzljcVhaWHdrSnBaYjh1LzRKdENvQW9TZjZRaGNGWk02c0VZQnYKNzRwK1JhTmYzMkgxYm9VaC81RWNXZz09Ci0tLS0tRU5EIENFUlRJRklDQVRFLS0tLS0K"
              }
            ],
            "master_authorized_networks_config": [],
            "master_version": "1.27.3-gke.100",
            "mesh_certificates": [],
            "min_master_version": null,
            "monitoring_config": [
              {
                "advanced_datapath_observability_config": [
                  {
                    "enable_metrics": false,
                    "relay_mode": ""
                  }
                ],
                "enable_components": [
                  "SYSTEM_COMPONENTS"
                ],
                "managed_prometheus": [
                  {
                    "enabled": true
                  }
                ]
              }
            ],
            "monitoring_service": "monitoring.googleapis.com/kubernetes",
            "name": "online-boutique",
            "network": "projects/spatial-shore-354923/global/networks/default",
            "network_policy": [
              {
                "enabled": false,
                "provider": "PROVIDER_UNSPECIFIED"
              }
            ],
            "networking_mode": "VPC_NATIVE",
            "node_config": [],
            "node_locations": [],
            "node_pool": [],
            "node_pool_auto_config": [],
            "node_pool_defaults": [
              {
                "node_config_defaults": [
                  {
                    "logging_variant": "DEFAULT"
                  }
                ]
              }
            ],
            "node_version": "1.27.3-gke.100",
            "notification_config": [
              {
                "pubsub": [
                  {
                    "enabled": false,
                    "filter": [],
                    "topic": ""
                  }
                ]
              }
            ],
            "operation": null,
            "private_cluster_config": [
              {
                "enable_private_endpoint": false,
                "enable_private_nodes": false,
                "master_global_access_config": [
                  {
                    "enabled": false
                  }
                ],
                "master_ipv4_cidr_block": "",
                "peering_name": "",
                "private_endpoint": "10.128.0.31",
                "private_endpoint_subnetwork": "",
                "public_endpoint": "104.197.3.230"
              }
            ],
            "private_ipv6_google_access": "",
            "project": "spatial-shore-354923",
            "release_channel": [
              {
                "channel": "REGULAR"
              }
            ],
            "remove_default_node_pool": true,
            "resource_labels": {},
            "resource_usage_export_config": [],
            "security_posture_config": [
              {
                "mode": "BASIC",
                "vulnerability_mode": "VULNERABILITY_MODE_UNSPECIFIED"
              }
            ],
            "self_link": "https://container.googleapis.com/v1/projects/spatial-shore-354923/zones/us-central1-a/clusters/online-boutique",
            "service_external_ips_config": [
              {
                "enabled": false
              }
            ],
            "services_ipv4_cidr": "10.120.0.0/20",
            "subnetwork": "projects/spatial-shore-354923/regions/us-central1/subnetworks/default",
            "timeouts": null,
            "tpu_ipv4_cidr_block": "",
            "vertical_pod_autoscaling": [],
            "workload_identity_config": []
          },
          "sensitive_attributes": [],
          "private": "eyJlMmJmYjczMC1lY2FhLTExZTYtOGY4OC0zNDM2M2JjN2M0YzAiOnsiY3JlYXRlIjoyNDAwMDAwMDAwMDAwLCJkZWxldGUiOjI0MDAwMDAwMDAwMDAsInJlYWQiOjI0MDAwMDAwMDAwMDAsInVwZGF0ZSI6MzYwMDAwMDAwMDAwMH0sInNjaGVtYV92ZXJzaW9uIjoiMiJ9"
        }
      ]
    }
  ],
  "check_results": null
}
